// !$*UTF8*$!
{
	archiveVersion = 1;
	classes = {
	};
	objectVersion = 46;
	objects = {

/* Begin PBXBuildFile section */
		5673001009284FEB8D119AD9 /* libPods-seocialtest.a in Frameworks */ = {isa = PBXBuildFile; fileRef = C20CA6AA3C3E4AD0B4FF6605 /* libPods-seocialtest.a */; };
		930839AB191B5C0100188EC2 /* Social.framework in Frameworks */ = {isa = PBXBuildFile; fileRef = 930839AA191B5C0100188EC2 /* Social.framework */; };
		930839B1191B5CC000188EC2 /* Accounts.framework in Frameworks */ = {isa = PBXBuildFile; fileRef = 930839B0191B5CC000188EC2 /* Accounts.framework */; };
		932FB2DE195ABC2F00960F03 /* OMNUserInfoVC.m in Sources */ = {isa = PBXBuildFile; fileRef = 932FB2DC195ABC2F00960F03 /* OMNUserInfoVC.m */; };
		932FB2DF195ABC2F00960F03 /* OMNUserInfoVC.m in Sources */ = {isa = PBXBuildFile; fileRef = 932FB2DC195ABC2F00960F03 /* OMNUserInfoVC.m */; };
		932FB2E0195ABC2F00960F03 /* OMNUserInfoVC.xib in Resources */ = {isa = PBXBuildFile; fileRef = 932FB2DD195ABC2F00960F03 /* OMNUserInfoVC.xib */; };
		932FB2E1195ABC2F00960F03 /* OMNUserInfoVC.xib in Resources */ = {isa = PBXBuildFile; fileRef = 932FB2DD195ABC2F00960F03 /* OMNUserInfoVC.xib */; };
		93570D3E19503FF60065E6D2 /* OMNConfirmCodeVC.m in Sources */ = {isa = PBXBuildFile; fileRef = 93570D3C19503FF60065E6D2 /* OMNConfirmCodeVC.m */; };
		93570D3F19503FF60065E6D2 /* OMNConfirmCodeVC.m in Sources */ = {isa = PBXBuildFile; fileRef = 93570D3C19503FF60065E6D2 /* OMNConfirmCodeVC.m */; };
		93570D4019503FF60065E6D2 /* OMNConfirmCodeVC.xib in Resources */ = {isa = PBXBuildFile; fileRef = 93570D3D19503FF60065E6D2 /* OMNConfirmCodeVC.xib */; };
		93570D4119503FF60065E6D2 /* OMNConfirmCodeVC.xib in Resources */ = {isa = PBXBuildFile; fileRef = 93570D3D19503FF60065E6D2 /* OMNConfirmCodeVC.xib */; };
		93570D44195040330065E6D2 /* OMNEnterCodeView.m in Sources */ = {isa = PBXBuildFile; fileRef = 93570D43195040330065E6D2 /* OMNEnterCodeView.m */; };
		93570D45195040330065E6D2 /* OMNEnterCodeView.m in Sources */ = {isa = PBXBuildFile; fileRef = 93570D43195040330065E6D2 /* OMNEnterCodeView.m */; };
		93570D481950A52C0065E6D2 /* OMNPhoneNumberTextFieldDelegate.m in Sources */ = {isa = PBXBuildFile; fileRef = 93570D471950A52C0065E6D2 /* OMNPhoneNumberTextFieldDelegate.m */; };
		93570D491950A52C0065E6D2 /* OMNPhoneNumberTextFieldDelegate.m in Sources */ = {isa = PBXBuildFile; fileRef = 93570D471950A52C0065E6D2 /* OMNPhoneNumberTextFieldDelegate.m */; };
		9369BB7A192E2AE70018C79C /* GCongratulationsVC.m in Sources */ = {isa = PBXBuildFile; fileRef = 9369BB00192E2AE60018C79C /* GCongratulationsVC.m */; };
		9369BB7B192E2AE70018C79C /* GCongratulationsVC.m in Sources */ = {isa = PBXBuildFile; fileRef = 9369BB00192E2AE60018C79C /* GCongratulationsVC.m */; };
		9369BB7C192E2AE70018C79C /* GCongratulationsVC.xib in Resources */ = {isa = PBXBuildFile; fileRef = 9369BB01192E2AE60018C79C /* GCongratulationsVC.xib */; };
		9369BB7D192E2AE70018C79C /* GCongratulationsVC.xib in Resources */ = {isa = PBXBuildFile; fileRef = 9369BB01192E2AE60018C79C /* GCongratulationsVC.xib */; };
		9369BB7E192E2AE70018C79C /* GViewController.m in Sources */ = {isa = PBXBuildFile; fileRef = 9369BB03192E2AE60018C79C /* GViewController.m */; };
		9369BB7F192E2AE70018C79C /* GViewController.m in Sources */ = {isa = PBXBuildFile; fileRef = 9369BB03192E2AE60018C79C /* GViewController.m */; };
		9369BB80192E2AE70018C79C /* GViewController1.m in Sources */ = {isa = PBXBuildFile; fileRef = 9369BB05192E2AE60018C79C /* GViewController1.m */; };
		9369BB81192E2AE70018C79C /* GViewController1.m in Sources */ = {isa = PBXBuildFile; fileRef = 9369BB05192E2AE60018C79C /* GViewController1.m */; };
		9369BB82192E2AE70018C79C /* GViewController1.xib in Resources */ = {isa = PBXBuildFile; fileRef = 9369BB06192E2AE60018C79C /* GViewController1.xib */; };
		9369BB83192E2AE70018C79C /* GViewController1.xib in Resources */ = {isa = PBXBuildFile; fileRef = 9369BB06192E2AE60018C79C /* GViewController1.xib */; };
		9369BB98192E2AE70018C79C /* GLoginDataSource.m in Sources */ = {isa = PBXBuildFile; fileRef = 9369BB1D192E2AE60018C79C /* GLoginDataSource.m */; };
		9369BB99192E2AE70018C79C /* GLoginDataSource.m in Sources */ = {isa = PBXBuildFile; fileRef = 9369BB1D192E2AE60018C79C /* GLoginDataSource.m */; };
		9369BB9A192E2AE70018C79C /* GUserDetailsVC.m in Sources */ = {isa = PBXBuildFile; fileRef = 9369BB1F192E2AE60018C79C /* GUserDetailsVC.m */; };
		9369BB9B192E2AE70018C79C /* GUserDetailsVC.m in Sources */ = {isa = PBXBuildFile; fileRef = 9369BB1F192E2AE60018C79C /* GUserDetailsVC.m */; };
		9369BB9C192E2AE70018C79C /* GUserDetailsVC.xib in Resources */ = {isa = PBXBuildFile; fileRef = 9369BB20192E2AE60018C79C /* GUserDetailsVC.xib */; };
		9369BB9D192E2AE70018C79C /* GUserDetailsVC.xib in Resources */ = {isa = PBXBuildFile; fileRef = 9369BB20192E2AE60018C79C /* GUserDetailsVC.xib */; };
		9369BB9E192E2AE70018C79C /* GUserInfoDataSource.m in Sources */ = {isa = PBXBuildFile; fileRef = 9369BB22192E2AE60018C79C /* GUserInfoDataSource.m */; };
		9369BB9F192E2AE70018C79C /* GUserInfoDataSource.m in Sources */ = {isa = PBXBuildFile; fileRef = 9369BB22192E2AE60018C79C /* GUserInfoDataSource.m */; };
		9369BBA0192E2AE70018C79C /* GUserInfoVC.m in Sources */ = {isa = PBXBuildFile; fileRef = 9369BB24192E2AE60018C79C /* GUserInfoVC.m */; };
		9369BBA1192E2AE70018C79C /* GUserInfoVC.m in Sources */ = {isa = PBXBuildFile; fileRef = 9369BB24192E2AE60018C79C /* GUserInfoVC.m */; };
		9369BBA4192E2AE70018C79C /* GUtils.m in Sources */ = {isa = PBXBuildFile; fileRef = 9369BB28192E2AE60018C79C /* GUtils.m */; };
		9369BBA5192E2AE70018C79C /* GUtils.m in Sources */ = {isa = PBXBuildFile; fileRef = 9369BB28192E2AE60018C79C /* GUtils.m */; };
		9369BBA6192E2AE70018C79C /* GControllerMediator.m in Sources */ = {isa = PBXBuildFile; fileRef = 9369BB2B192E2AE60018C79C /* GControllerMediator.m */; };
		9369BBA7192E2AE70018C79C /* GControllerMediator.m in Sources */ = {isa = PBXBuildFile; fileRef = 9369BB2B192E2AE60018C79C /* GControllerMediator.m */; };
		9369BBAE192E2AE70018C79C /* GFBNetwork.m in Sources */ = {isa = PBXBuildFile; fileRef = 9369BB38192E2AE60018C79C /* GFBNetwork.m */; };
		9369BBAF192E2AE70018C79C /* GFBNetwork.m in Sources */ = {isa = PBXBuildFile; fileRef = 9369BB38192E2AE60018C79C /* GFBNetwork.m */; };
		9369BBB0192E2AE70018C79C /* GGPlusNetwork.m in Sources */ = {isa = PBXBuildFile; fileRef = 9369BB3B192E2AE60018C79C /* GGPlusNetwork.m */; };
		9369BBB1192E2AE70018C79C /* GGPlusNetwork.m in Sources */ = {isa = PBXBuildFile; fileRef = 9369BB3B192E2AE60018C79C /* GGPlusNetwork.m */; };
		9369BBB2192E2AE70018C79C /* GAuthManager.m in Sources */ = {isa = PBXBuildFile; fileRef = 9369BB3D192E2AE60018C79C /* GAuthManager.m */; };
		9369BBB3192E2AE70018C79C /* GAuthManager.m in Sources */ = {isa = PBXBuildFile; fileRef = 9369BB3D192E2AE60018C79C /* GAuthManager.m */; };
		9369BBB4192E2AE70018C79C /* GSocialNetwork.m in Sources */ = {isa = PBXBuildFile; fileRef = 9369BB3F192E2AE60018C79C /* GSocialNetwork.m */; };
		9369BBB5192E2AE70018C79C /* GSocialNetwork.m in Sources */ = {isa = PBXBuildFile; fileRef = 9369BB3F192E2AE60018C79C /* GSocialNetwork.m */; };
		9369BBB6192E2AE70018C79C /* GOKNetwork.m in Sources */ = {isa = PBXBuildFile; fileRef = 9369BB42192E2AE60018C79C /* GOKNetwork.m */; };
		9369BBB7192E2AE70018C79C /* GOKNetwork.m in Sources */ = {isa = PBXBuildFile; fileRef = 9369BB42192E2AE60018C79C /* GOKNetwork.m */; };
		9369BBB8192E2AE70018C79C /* OKFriends.m in Sources */ = {isa = PBXBuildFile; fileRef = 9369BB46192E2AE60018C79C /* OKFriends.m */; };
		9369BBB9192E2AE70018C79C /* OKFriends.m in Sources */ = {isa = PBXBuildFile; fileRef = 9369BB46192E2AE60018C79C /* OKFriends.m */; };
		9369BBBA192E2AE70018C79C /* NSString+OKUtils.m in Sources */ = {isa = PBXBuildFile; fileRef = 9369BB48192E2AE60018C79C /* NSString+OKUtils.m */; };
		9369BBBB192E2AE70018C79C /* NSString+OKUtils.m in Sources */ = {isa = PBXBuildFile; fileRef = 9369BB48192E2AE60018C79C /* NSString+OKUtils.m */; };
		9369BBBC192E2AE70018C79C /* Odnoklassniki.m in Sources */ = {isa = PBXBuildFile; fileRef = 9369BB4A192E2AE60018C79C /* Odnoklassniki.m */; };
		9369BBBD192E2AE70018C79C /* Odnoklassniki.m in Sources */ = {isa = PBXBuildFile; fileRef = 9369BB4A192E2AE60018C79C /* Odnoklassniki.m */; };
		9369BBBE192E2AE70018C79C /* OKRequest.m in Sources */ = {isa = PBXBuildFile; fileRef = 9369BB4C192E2AE60018C79C /* OKRequest.m */; };
		9369BBBF192E2AE70018C79C /* OKRequest.m in Sources */ = {isa = PBXBuildFile; fileRef = 9369BB4C192E2AE60018C79C /* OKRequest.m */; };
		9369BBC0192E2AE70018C79C /* OKSession.m in Sources */ = {isa = PBXBuildFile; fileRef = 9369BB4E192E2AE60018C79C /* OKSession.m */; };
		9369BBC1192E2AE70018C79C /* OKSession.m in Sources */ = {isa = PBXBuildFile; fileRef = 9369BB4E192E2AE60018C79C /* OKSession.m */; };
		9369BBC2192E2AE70018C79C /* OKTokenCache.m in Sources */ = {isa = PBXBuildFile; fileRef = 9369BB50192E2AE60018C79C /* OKTokenCache.m */; };
		9369BBC3192E2AE70018C79C /* OKTokenCache.m in Sources */ = {isa = PBXBuildFile; fileRef = 9369BB50192E2AE60018C79C /* OKTokenCache.m */; };
		9369BBC4192E2AE70018C79C /* GTwitterNetwork.m in Sources */ = {isa = PBXBuildFile; fileRef = 9369BB53192E2AE60018C79C /* GTwitterNetwork.m */; };
		9369BBC5192E2AE70018C79C /* GTwitterNetwork.m in Sources */ = {isa = PBXBuildFile; fileRef = 9369BB53192E2AE60018C79C /* GTwitterNetwork.m */; };
		9369BBC6192E2AE70018C79C /* GVKNetwork.m in Sources */ = {isa = PBXBuildFile; fileRef = 9369BB56192E2AE60018C79C /* GVKNetwork.m */; };
		9369BBC7192E2AE70018C79C /* GVKNetwork.m in Sources */ = {isa = PBXBuildFile; fileRef = 9369BB56192E2AE60018C79C /* GVKNetwork.m */; };
		9369BBCE192E2AE70018C79C /* rouble.otf in Resources */ = {isa = PBXBuildFile; fileRef = 9369BB60192E2AE70018C79C /* rouble.otf */; };
		9369BBCF192E2AE70018C79C /* rouble.otf in Resources */ = {isa = PBXBuildFile; fileRef = 9369BB60192E2AE70018C79C /* rouble.otf */; };
		9369BBD0192E2AE70018C79C /* OMNUserInfoTransition.m in Sources */ = {isa = PBXBuildFile; fileRef = 9369BB63192E2AE70018C79C /* OMNUserInfoTransition.m */; };
		9369BBD1192E2AE70018C79C /* OMNUserInfoTransition.m in Sources */ = {isa = PBXBuildFile; fileRef = 9369BB63192E2AE70018C79C /* OMNUserInfoTransition.m */; };
		9369BBD2192E2AE70018C79C /* OMNUserInfoTransitionDelegate.m in Sources */ = {isa = PBXBuildFile; fileRef = 9369BB65192E2AE70018C79C /* OMNUserInfoTransitionDelegate.m */; };
		9369BBD3192E2AE70018C79C /* OMNUserInfoTransitionDelegate.m in Sources */ = {isa = PBXBuildFile; fileRef = 9369BB65192E2AE70018C79C /* OMNUserInfoTransitionDelegate.m */; };
		9369BBD4192E2AE70018C79C /* UIView+frame.m in Sources */ = {isa = PBXBuildFile; fileRef = 9369BB67192E2AE70018C79C /* UIView+frame.m */; };
		9369BBD5192E2AE70018C79C /* UIView+frame.m in Sources */ = {isa = PBXBuildFile; fileRef = 9369BB67192E2AE70018C79C /* UIView+frame.m */; };
		9369BBD8192E2AE70018C79C /* GSocialCell.m in Sources */ = {isa = PBXBuildFile; fileRef = 9369BB6E192E2AE70018C79C /* GSocialCell.m */; };
		9369BBD9192E2AE70018C79C /* GSocialCell.m in Sources */ = {isa = PBXBuildFile; fileRef = 9369BB6E192E2AE70018C79C /* GSocialCell.m */; };
		939DA16919540C6F0063AB23 /* OMNNumberKeyboardView.m in Sources */ = {isa = PBXBuildFile; fileRef = 939DA16819540C6F0063AB23 /* OMNNumberKeyboardView.m */; };
		939DA16A19540C6F0063AB23 /* OMNNumberKeyboardView.m in Sources */ = {isa = PBXBuildFile; fileRef = 939DA16819540C6F0063AB23 /* OMNNumberKeyboardView.m */; };
		93A368FC1946FFA500DE91D8 /* OMNConstants.m in Sources */ = {isa = PBXBuildFile; fileRef = 93A368FB1946FFA500DE91D8 /* OMNConstants.m */; };
		93A368FD1946FFA500DE91D8 /* OMNConstants.m in Sources */ = {isa = PBXBuildFile; fileRef = 93A368FB1946FFA500DE91D8 /* OMNConstants.m */; };
		93A369021947074600DE91D8 /* OMNAuthorisation.m in Sources */ = {isa = PBXBuildFile; fileRef = 93A368FF1947074600DE91D8 /* OMNAuthorisation.m */; };
		93A369031947074600DE91D8 /* OMNAuthorisation.m in Sources */ = {isa = PBXBuildFile; fileRef = 93A368FF1947074600DE91D8 /* OMNAuthorisation.m */; };
		93A369041947074600DE91D8 /* OMNUser.m in Sources */ = {isa = PBXBuildFile; fileRef = 93A369011947074600DE91D8 /* OMNUser.m */; };
		93A369051947074600DE91D8 /* OMNUser.m in Sources */ = {isa = PBXBuildFile; fileRef = 93A369011947074600DE91D8 /* OMNUser.m */; };
		93A3690A194715F100DE91D8 /* OMNAuthorizationManager.m in Sources */ = {isa = PBXBuildFile; fileRef = 93A36907194715F100DE91D8 /* OMNAuthorizationManager.m */; };
		93A3690B194715F100DE91D8 /* OMNAuthorizationManager.m in Sources */ = {isa = PBXBuildFile; fileRef = 93A36907194715F100DE91D8 /* OMNAuthorizationManager.m */; };
		93A3690C194715F100DE91D8 /* OMNOperationManager.m in Sources */ = {isa = PBXBuildFile; fileRef = 93A36909194715F100DE91D8 /* OMNOperationManager.m */; };
		93A3690D194715F100DE91D8 /* OMNOperationManager.m in Sources */ = {isa = PBXBuildFile; fileRef = 93A36909194715F100DE91D8 /* OMNOperationManager.m */; };
		93A994A419484C22005B403C /* OMNLoginVC.m in Sources */ = {isa = PBXBuildFile; fileRef = 93A9949E19484C22005B403C /* OMNLoginVC.m */; };
		93A994A519484C22005B403C /* OMNLoginVC.m in Sources */ = {isa = PBXBuildFile; fileRef = 93A9949E19484C22005B403C /* OMNLoginVC.m */; };
		93A994A619484C22005B403C /* OMNLoginVC.xib in Resources */ = {isa = PBXBuildFile; fileRef = 93A9949F19484C22005B403C /* OMNLoginVC.xib */; };
		93A994A719484C22005B403C /* OMNLoginVC.xib in Resources */ = {isa = PBXBuildFile; fileRef = 93A9949F19484C22005B403C /* OMNLoginVC.xib */; };
		93A994A819484C22005B403C /* OMNRegisterUserVC.m in Sources */ = {isa = PBXBuildFile; fileRef = 93A994A219484C22005B403C /* OMNRegisterUserVC.m */; };
		93A994A919484C22005B403C /* OMNRegisterUserVC.m in Sources */ = {isa = PBXBuildFile; fileRef = 93A994A219484C22005B403C /* OMNRegisterUserVC.m */; };
		93A994AA19484C22005B403C /* OMNRegisterUserVC.xib in Resources */ = {isa = PBXBuildFile; fileRef = 93A994A319484C22005B403C /* OMNRegisterUserVC.xib */; };
		93A994AB19484C22005B403C /* OMNRegisterUserVC.xib in Resources */ = {isa = PBXBuildFile; fileRef = 93A994A319484C22005B403C /* OMNRegisterUserVC.xib */; };
		93C5A67C195A9FFF005C68EC /* OMNUserInfoModel.m in Sources */ = {isa = PBXBuildFile; fileRef = 93C5A67B195A9FFF005C68EC /* OMNUserInfoModel.m */; };
		93C5A67D195AA000005C68EC /* OMNUserInfoModel.m in Sources */ = {isa = PBXBuildFile; fileRef = 93C5A67B195A9FFF005C68EC /* OMNUserInfoModel.m */; };
		93C5A680195AA067005C68EC /* OMNUserInfoItem.m in Sources */ = {isa = PBXBuildFile; fileRef = 93C5A67F195AA067005C68EC /* OMNUserInfoItem.m */; };
		93C5A681195AA067005C68EC /* OMNUserInfoItem.m in Sources */ = {isa = PBXBuildFile; fileRef = 93C5A67F195AA067005C68EC /* OMNUserInfoItem.m */; };
		93C5A684195AB1BA005C68EC /* OMNAnalitics.m in Sources */ = {isa = PBXBuildFile; fileRef = 93C5A683195AB1BA005C68EC /* OMNAnalitics.m */; };
		93C5A685195AB1BA005C68EC /* OMNAnalitics.m in Sources */ = {isa = PBXBuildFile; fileRef = 93C5A683195AB1BA005C68EC /* OMNAnalitics.m */; };
		93E7C15B1918DC1600F22695 /* Foundation.framework in Frameworks */ = {isa = PBXBuildFile; fileRef = 93E7C15A1918DC1600F22695 /* Foundation.framework */; };
		93E7C15D1918DC1600F22695 /* CoreGraphics.framework in Frameworks */ = {isa = PBXBuildFile; fileRef = 93E7C15C1918DC1600F22695 /* CoreGraphics.framework */; };
		93E7C15F1918DC1600F22695 /* UIKit.framework in Frameworks */ = {isa = PBXBuildFile; fileRef = 93E7C15E1918DC1600F22695 /* UIKit.framework */; };
		93E7C1651918DC1600F22695 /* InfoPlist.strings in Resources */ = {isa = PBXBuildFile; fileRef = 93E7C1631918DC1600F22695 /* InfoPlist.strings */; };
		93E7C1671918DC1600F22695 /* main.m in Sources */ = {isa = PBXBuildFile; fileRef = 93E7C1661918DC1600F22695 /* main.m */; };
		93E7C16B1918DC1600F22695 /* GAppDelegate.m in Sources */ = {isa = PBXBuildFile; fileRef = 93E7C16A1918DC1600F22695 /* GAppDelegate.m */; };
		93E7C16E1918DC1600F22695 /* Main.storyboard in Resources */ = {isa = PBXBuildFile; fileRef = 93E7C16C1918DC1600F22695 /* Main.storyboard */; };
		93E7C1731918DC1600F22695 /* Images.xcassets in Resources */ = {isa = PBXBuildFile; fileRef = 93E7C1721918DC1600F22695 /* Images.xcassets */; };
		93E7C17A1918DC1600F22695 /* XCTest.framework in Frameworks */ = {isa = PBXBuildFile; fileRef = 93E7C1791918DC1600F22695 /* XCTest.framework */; };
		93E7C17B1918DC1600F22695 /* Foundation.framework in Frameworks */ = {isa = PBXBuildFile; fileRef = 93E7C15A1918DC1600F22695 /* Foundation.framework */; };
		93E7C17C1918DC1600F22695 /* UIKit.framework in Frameworks */ = {isa = PBXBuildFile; fileRef = 93E7C15E1918DC1600F22695 /* UIKit.framework */; };
		93E7C1841918DC1600F22695 /* InfoPlist.strings in Resources */ = {isa = PBXBuildFile; fileRef = 93E7C1821918DC1600F22695 /* InfoPlist.strings */; };
		93E7C1861918DC1600F22695 /* seocialtestTests.m in Sources */ = {isa = PBXBuildFile; fileRef = 93E7C1851918DC1600F22695 /* seocialtestTests.m */; };
/* End PBXBuildFile section */

/* Begin PBXContainerItemProxy section */
		93E7C17D1918DC1600F22695 /* PBXContainerItemProxy */ = {
			isa = PBXContainerItemProxy;
			containerPortal = 93E7C14F1918DC1600F22695 /* Project object */;
			proxyType = 1;
			remoteGlobalIDString = 93E7C1561918DC1600F22695;
			remoteInfo = seocialtest;
		};
/* End PBXContainerItemProxy section */

/* Begin PBXFileReference section */
		3857FCD33DF54CFCB3DFC479 /* Pods-seocialtest.xcconfig */ = {isa = PBXFileReference; includeInIndex = 1; lastKnownFileType = text.xcconfig; name = "Pods-seocialtest.xcconfig"; path = "../Pods/Pods-seocialtest.xcconfig"; sourceTree = "<group>"; };
		930839AA191B5C0100188EC2 /* Social.framework */ = {isa = PBXFileReference; lastKnownFileType = wrapper.framework; name = Social.framework; path = System/Library/Frameworks/Social.framework; sourceTree = SDKROOT; };
		930839B0191B5CC000188EC2 /* Accounts.framework */ = {isa = PBXFileReference; lastKnownFileType = wrapper.framework; name = Accounts.framework; path = System/Library/Frameworks/Accounts.framework; sourceTree = SDKROOT; };
		932FB2DB195ABC2F00960F03 /* OMNUserInfoVC.h */ = {isa = PBXFileReference; fileEncoding = 4; lastKnownFileType = sourcecode.c.h; path = OMNUserInfoVC.h; sourceTree = "<group>"; };
		932FB2DC195ABC2F00960F03 /* OMNUserInfoVC.m */ = {isa = PBXFileReference; fileEncoding = 4; lastKnownFileType = sourcecode.c.objc; path = OMNUserInfoVC.m; sourceTree = "<group>"; };
		932FB2DD195ABC2F00960F03 /* OMNUserInfoVC.xib */ = {isa = PBXFileReference; fileEncoding = 4; lastKnownFileType = file.xib; path = OMNUserInfoVC.xib; sourceTree = "<group>"; };
		93570D3B19503FF60065E6D2 /* OMNConfirmCodeVC.h */ = {isa = PBXFileReference; fileEncoding = 4; lastKnownFileType = sourcecode.c.h; path = OMNConfirmCodeVC.h; sourceTree = "<group>"; };
		93570D3C19503FF60065E6D2 /* OMNConfirmCodeVC.m */ = {isa = PBXFileReference; fileEncoding = 4; lastKnownFileType = sourcecode.c.objc; path = OMNConfirmCodeVC.m; sourceTree = "<group>"; };
		93570D3D19503FF60065E6D2 /* OMNConfirmCodeVC.xib */ = {isa = PBXFileReference; fileEncoding = 4; lastKnownFileType = file.xib; path = OMNConfirmCodeVC.xib; sourceTree = "<group>"; };
		93570D42195040330065E6D2 /* OMNEnterCodeView.h */ = {isa = PBXFileReference; fileEncoding = 4; lastKnownFileType = sourcecode.c.h; path = OMNEnterCodeView.h; sourceTree = "<group>"; };
		93570D43195040330065E6D2 /* OMNEnterCodeView.m */ = {isa = PBXFileReference; fileEncoding = 4; lastKnownFileType = sourcecode.c.objc; path = OMNEnterCodeView.m; sourceTree = "<group>"; };
		93570D461950A52C0065E6D2 /* OMNPhoneNumberTextFieldDelegate.h */ = {isa = PBXFileReference; fileEncoding = 4; lastKnownFileType = sourcecode.c.h; path = OMNPhoneNumberTextFieldDelegate.h; sourceTree = "<group>"; };
		93570D471950A52C0065E6D2 /* OMNPhoneNumberTextFieldDelegate.m */ = {isa = PBXFileReference; fileEncoding = 4; lastKnownFileType = sourcecode.c.objc; path = OMNPhoneNumberTextFieldDelegate.m; sourceTree = "<group>"; };
		9369BAFF192E2AE60018C79C /* GCongratulationsVC.h */ = {isa = PBXFileReference; fileEncoding = 4; lastKnownFileType = sourcecode.c.h; path = GCongratulationsVC.h; sourceTree = "<group>"; };
		9369BB00192E2AE60018C79C /* GCongratulationsVC.m */ = {isa = PBXFileReference; fileEncoding = 4; lastKnownFileType = sourcecode.c.objc; path = GCongratulationsVC.m; sourceTree = "<group>"; };
		9369BB01192E2AE60018C79C /* GCongratulationsVC.xib */ = {isa = PBXFileReference; fileEncoding = 4; lastKnownFileType = file.xib; path = GCongratulationsVC.xib; sourceTree = "<group>"; };
		9369BB02192E2AE60018C79C /* GViewController.h */ = {isa = PBXFileReference; fileEncoding = 4; lastKnownFileType = sourcecode.c.h; path = GViewController.h; sourceTree = "<group>"; };
		9369BB03192E2AE60018C79C /* GViewController.m */ = {isa = PBXFileReference; fileEncoding = 4; lastKnownFileType = sourcecode.c.objc; path = GViewController.m; sourceTree = "<group>"; };
		9369BB04192E2AE60018C79C /* GViewController1.h */ = {isa = PBXFileReference; fileEncoding = 4; lastKnownFileType = sourcecode.c.h; path = GViewController1.h; sourceTree = "<group>"; };
		9369BB05192E2AE60018C79C /* GViewController1.m */ = {isa = PBXFileReference; fileEncoding = 4; lastKnownFileType = sourcecode.c.objc; path = GViewController1.m; sourceTree = "<group>"; };
		9369BB06192E2AE60018C79C /* GViewController1.xib */ = {isa = PBXFileReference; fileEncoding = 4; lastKnownFileType = file.xib; path = GViewController1.xib; sourceTree = "<group>"; };
		9369BB1C192E2AE60018C79C /* GLoginDataSource.h */ = {isa = PBXFileReference; fileEncoding = 4; lastKnownFileType = sourcecode.c.h; path = GLoginDataSource.h; sourceTree = "<group>"; };
		9369BB1D192E2AE60018C79C /* GLoginDataSource.m */ = {isa = PBXFileReference; fileEncoding = 4; lastKnownFileType = sourcecode.c.objc; path = GLoginDataSource.m; sourceTree = "<group>"; };
		9369BB1E192E2AE60018C79C /* GUserDetailsVC.h */ = {isa = PBXFileReference; fileEncoding = 4; lastKnownFileType = sourcecode.c.h; path = GUserDetailsVC.h; sourceTree = "<group>"; };
		9369BB1F192E2AE60018C79C /* GUserDetailsVC.m */ = {isa = PBXFileReference; fileEncoding = 4; lastKnownFileType = sourcecode.c.objc; path = GUserDetailsVC.m; sourceTree = "<group>"; };
		9369BB20192E2AE60018C79C /* GUserDetailsVC.xib */ = {isa = PBXFileReference; fileEncoding = 4; lastKnownFileType = file.xib; path = GUserDetailsVC.xib; sourceTree = "<group>"; };
		9369BB21192E2AE60018C79C /* GUserInfoDataSource.h */ = {isa = PBXFileReference; fileEncoding = 4; lastKnownFileType = sourcecode.c.h; path = GUserInfoDataSource.h; sourceTree = "<group>"; };
		9369BB22192E2AE60018C79C /* GUserInfoDataSource.m */ = {isa = PBXFileReference; fileEncoding = 4; lastKnownFileType = sourcecode.c.objc; path = GUserInfoDataSource.m; sourceTree = "<group>"; };
		9369BB23192E2AE60018C79C /* GUserInfoVC.h */ = {isa = PBXFileReference; fileEncoding = 4; lastKnownFileType = sourcecode.c.h; path = GUserInfoVC.h; sourceTree = "<group>"; };
		9369BB24192E2AE60018C79C /* GUserInfoVC.m */ = {isa = PBXFileReference; fileEncoding = 4; lastKnownFileType = sourcecode.c.objc; path = GUserInfoVC.m; sourceTree = "<group>"; };
		9369BB27192E2AE60018C79C /* GUtils.h */ = {isa = PBXFileReference; fileEncoding = 4; lastKnownFileType = sourcecode.c.h; path = GUtils.h; sourceTree = "<group>"; };
		9369BB28192E2AE60018C79C /* GUtils.m */ = {isa = PBXFileReference; fileEncoding = 4; lastKnownFileType = sourcecode.c.objc; path = GUtils.m; sourceTree = "<group>"; };
		9369BB2A192E2AE60018C79C /* GControllerMediator.h */ = {isa = PBXFileReference; fileEncoding = 4; lastKnownFileType = sourcecode.c.h; path = GControllerMediator.h; sourceTree = "<group>"; };
		9369BB2B192E2AE60018C79C /* GControllerMediator.m */ = {isa = PBXFileReference; fileEncoding = 4; lastKnownFileType = sourcecode.c.objc; path = GControllerMediator.m; sourceTree = "<group>"; };
		9369BB37192E2AE60018C79C /* GFBNetwork.h */ = {isa = PBXFileReference; fileEncoding = 4; lastKnownFileType = sourcecode.c.h; path = GFBNetwork.h; sourceTree = "<group>"; };
		9369BB38192E2AE60018C79C /* GFBNetwork.m */ = {isa = PBXFileReference; fileEncoding = 4; lastKnownFileType = sourcecode.c.objc; path = GFBNetwork.m; sourceTree = "<group>"; };
		9369BB3A192E2AE60018C79C /* GGPlusNetwork.h */ = {isa = PBXFileReference; fileEncoding = 4; lastKnownFileType = sourcecode.c.h; path = GGPlusNetwork.h; sourceTree = "<group>"; };
		9369BB3B192E2AE60018C79C /* GGPlusNetwork.m */ = {isa = PBXFileReference; fileEncoding = 4; lastKnownFileType = sourcecode.c.objc; path = GGPlusNetwork.m; sourceTree = "<group>"; };
		9369BB3C192E2AE60018C79C /* GAuthManager.h */ = {isa = PBXFileReference; fileEncoding = 4; lastKnownFileType = sourcecode.c.h; path = GAuthManager.h; sourceTree = "<group>"; };
		9369BB3D192E2AE60018C79C /* GAuthManager.m */ = {isa = PBXFileReference; fileEncoding = 4; lastKnownFileType = sourcecode.c.objc; path = GAuthManager.m; sourceTree = "<group>"; };
		9369BB3E192E2AE60018C79C /* GSocialNetwork.h */ = {isa = PBXFileReference; fileEncoding = 4; lastKnownFileType = sourcecode.c.h; path = GSocialNetwork.h; sourceTree = "<group>"; };
		9369BB3F192E2AE60018C79C /* GSocialNetwork.m */ = {isa = PBXFileReference; fileEncoding = 4; lastKnownFileType = sourcecode.c.objc; path = GSocialNetwork.m; sourceTree = "<group>"; };
		9369BB41192E2AE60018C79C /* GOKNetwork.h */ = {isa = PBXFileReference; fileEncoding = 4; lastKnownFileType = sourcecode.c.h; path = GOKNetwork.h; sourceTree = "<group>"; };
		9369BB42192E2AE60018C79C /* GOKNetwork.m */ = {isa = PBXFileReference; fileEncoding = 4; lastKnownFileType = sourcecode.c.objc; path = GOKNetwork.m; sourceTree = "<group>"; };
		9369BB45192E2AE60018C79C /* OKFriends.h */ = {isa = PBXFileReference; fileEncoding = 4; lastKnownFileType = sourcecode.c.h; path = OKFriends.h; sourceTree = "<group>"; };
		9369BB46192E2AE60018C79C /* OKFriends.m */ = {isa = PBXFileReference; fileEncoding = 4; lastKnownFileType = sourcecode.c.objc; path = OKFriends.m; sourceTree = "<group>"; };
		9369BB47192E2AE60018C79C /* NSString+OKUtils.h */ = {isa = PBXFileReference; fileEncoding = 4; lastKnownFileType = sourcecode.c.h; path = "NSString+OKUtils.h"; sourceTree = "<group>"; };
		9369BB48192E2AE60018C79C /* NSString+OKUtils.m */ = {isa = PBXFileReference; fileEncoding = 4; lastKnownFileType = sourcecode.c.objc; path = "NSString+OKUtils.m"; sourceTree = "<group>"; };
		9369BB49192E2AE60018C79C /* Odnoklassniki.h */ = {isa = PBXFileReference; fileEncoding = 4; lastKnownFileType = sourcecode.c.h; path = Odnoklassniki.h; sourceTree = "<group>"; };
		9369BB4A192E2AE60018C79C /* Odnoklassniki.m */ = {isa = PBXFileReference; fileEncoding = 4; lastKnownFileType = sourcecode.c.objc; path = Odnoklassniki.m; sourceTree = "<group>"; };
		9369BB4B192E2AE60018C79C /* OKRequest.h */ = {isa = PBXFileReference; fileEncoding = 4; lastKnownFileType = sourcecode.c.h; path = OKRequest.h; sourceTree = "<group>"; };
		9369BB4C192E2AE60018C79C /* OKRequest.m */ = {isa = PBXFileReference; fileEncoding = 4; lastKnownFileType = sourcecode.c.objc; path = OKRequest.m; sourceTree = "<group>"; };
		9369BB4D192E2AE60018C79C /* OKSession.h */ = {isa = PBXFileReference; fileEncoding = 4; lastKnownFileType = sourcecode.c.h; path = OKSession.h; sourceTree = "<group>"; };
		9369BB4E192E2AE60018C79C /* OKSession.m */ = {isa = PBXFileReference; fileEncoding = 4; lastKnownFileType = sourcecode.c.objc; path = OKSession.m; sourceTree = "<group>"; };
		9369BB4F192E2AE60018C79C /* OKTokenCache.h */ = {isa = PBXFileReference; fileEncoding = 4; lastKnownFileType = sourcecode.c.h; path = OKTokenCache.h; sourceTree = "<group>"; };
		9369BB50192E2AE60018C79C /* OKTokenCache.m */ = {isa = PBXFileReference; fileEncoding = 4; lastKnownFileType = sourcecode.c.objc; path = OKTokenCache.m; sourceTree = "<group>"; };
		9369BB52192E2AE60018C79C /* GTwitterNetwork.h */ = {isa = PBXFileReference; fileEncoding = 4; lastKnownFileType = sourcecode.c.h; path = GTwitterNetwork.h; sourceTree = "<group>"; };
		9369BB53192E2AE60018C79C /* GTwitterNetwork.m */ = {isa = PBXFileReference; fileEncoding = 4; lastKnownFileType = sourcecode.c.objc; path = GTwitterNetwork.m; sourceTree = "<group>"; };
		9369BB55192E2AE60018C79C /* GVKNetwork.h */ = {isa = PBXFileReference; fileEncoding = 4; lastKnownFileType = sourcecode.c.h; path = GVKNetwork.h; sourceTree = "<group>"; };
		9369BB56192E2AE60018C79C /* GVKNetwork.m */ = {isa = PBXFileReference; fileEncoding = 4; lastKnownFileType = sourcecode.c.objc; path = GVKNetwork.m; sourceTree = "<group>"; };
		9369BB60192E2AE70018C79C /* rouble.otf */ = {isa = PBXFileReference; lastKnownFileType = file; path = rouble.otf; sourceTree = "<group>"; };
		9369BB62192E2AE70018C79C /* OMNUserInfoTransition.h */ = {isa = PBXFileReference; fileEncoding = 4; lastKnownFileType = sourcecode.c.h; path = OMNUserInfoTransition.h; sourceTree = "<group>"; };
		9369BB63192E2AE70018C79C /* OMNUserInfoTransition.m */ = {isa = PBXFileReference; fileEncoding = 4; lastKnownFileType = sourcecode.c.objc; path = OMNUserInfoTransition.m; sourceTree = "<group>"; };
		9369BB64192E2AE70018C79C /* OMNUserInfoTransitionDelegate.h */ = {isa = PBXFileReference; fileEncoding = 4; lastKnownFileType = sourcecode.c.h; path = OMNUserInfoTransitionDelegate.h; sourceTree = "<group>"; };
		9369BB65192E2AE70018C79C /* OMNUserInfoTransitionDelegate.m */ = {isa = PBXFileReference; fileEncoding = 4; lastKnownFileType = sourcecode.c.objc; path = OMNUserInfoTransitionDelegate.m; sourceTree = "<group>"; };
		9369BB66192E2AE70018C79C /* UIView+frame.h */ = {isa = PBXFileReference; fileEncoding = 4; lastKnownFileType = sourcecode.c.h; path = "UIView+frame.h"; sourceTree = "<group>"; };
		9369BB67192E2AE70018C79C /* UIView+frame.m */ = {isa = PBXFileReference; fileEncoding = 4; lastKnownFileType = sourcecode.c.objc; path = "UIView+frame.m"; sourceTree = "<group>"; };
		9369BB6D192E2AE70018C79C /* GSocialCell.h */ = {isa = PBXFileReference; fileEncoding = 4; lastKnownFileType = sourcecode.c.h; path = GSocialCell.h; sourceTree = "<group>"; };
		9369BB6E192E2AE70018C79C /* GSocialCell.m */ = {isa = PBXFileReference; fileEncoding = 4; lastKnownFileType = sourcecode.c.objc; path = GSocialCell.m; sourceTree = "<group>"; };
		939DA15D195401D70063AB23 /* OMNAuthorizationDelegate.h */ = {isa = PBXFileReference; lastKnownFileType = sourcecode.c.h; path = OMNAuthorizationDelegate.h; sourceTree = "<group>"; };
		939DA16719540C6F0063AB23 /* OMNNumberKeyboardView.h */ = {isa = PBXFileReference; fileEncoding = 4; lastKnownFileType = sourcecode.c.h; path = OMNNumberKeyboardView.h; sourceTree = "<group>"; };
		939DA16819540C6F0063AB23 /* OMNNumberKeyboardView.m */ = {isa = PBXFileReference; fileEncoding = 4; lastKnownFileType = sourcecode.c.objc; path = OMNNumberKeyboardView.m; sourceTree = "<group>"; };
		93A368FA1946FFA500DE91D8 /* OMNConstants.h */ = {isa = PBXFileReference; fileEncoding = 4; lastKnownFileType = sourcecode.c.h; name = OMNConstants.h; path = ../../restaurants/restaurants/OMNConstants.h; sourceTree = "<group>"; };
		93A368FB1946FFA500DE91D8 /* OMNConstants.m */ = {isa = PBXFileReference; fileEncoding = 4; lastKnownFileType = sourcecode.c.objc; name = OMNConstants.m; path = ../../restaurants/restaurants/OMNConstants.m; sourceTree = "<group>"; };
		93A368FE1947074600DE91D8 /* OMNAuthorisation.h */ = {isa = PBXFileReference; fileEncoding = 4; lastKnownFileType = sourcecode.c.h; name = OMNAuthorisation.h; path = ../../restaurants/restaurants/Model/OMNAuthorisation.h; sourceTree = "<group>"; };
		93A368FF1947074600DE91D8 /* OMNAuthorisation.m */ = {isa = PBXFileReference; fileEncoding = 4; lastKnownFileType = sourcecode.c.objc; name = OMNAuthorisation.m; path = ../../restaurants/restaurants/Model/OMNAuthorisation.m; sourceTree = "<group>"; };
		93A369001947074600DE91D8 /* OMNUser.h */ = {isa = PBXFileReference; fileEncoding = 4; lastKnownFileType = sourcecode.c.h; name = OMNUser.h; path = ../../restaurants/restaurants/Model/OMNUser.h; sourceTree = "<group>"; };
		93A369011947074600DE91D8 /* OMNUser.m */ = {isa = PBXFileReference; fileEncoding = 4; lastKnownFileType = sourcecode.c.objc; name = OMNUser.m; path = ../../restaurants/restaurants/Model/OMNUser.m; sourceTree = "<group>"; };
		93A36906194715F100DE91D8 /* OMNAuthorizationManager.h */ = {isa = PBXFileReference; fileEncoding = 4; lastKnownFileType = sourcecode.c.h; name = OMNAuthorizationManager.h; path = ../../restaurants/restaurants/Model/OMNAuthorizationManager.h; sourceTree = "<group>"; };
		93A36907194715F100DE91D8 /* OMNAuthorizationManager.m */ = {isa = PBXFileReference; fileEncoding = 4; lastKnownFileType = sourcecode.c.objc; name = OMNAuthorizationManager.m; path = ../../restaurants/restaurants/Model/OMNAuthorizationManager.m; sourceTree = "<group>"; };
		93A36908194715F100DE91D8 /* OMNOperationManager.h */ = {isa = PBXFileReference; fileEncoding = 4; lastKnownFileType = sourcecode.c.h; name = OMNOperationManager.h; path = ../../restaurants/restaurants/Model/OMNOperationManager.h; sourceTree = "<group>"; };
		93A36909194715F100DE91D8 /* OMNOperationManager.m */ = {isa = PBXFileReference; fileEncoding = 4; lastKnownFileType = sourcecode.c.objc; name = OMNOperationManager.m; path = ../../restaurants/restaurants/Model/OMNOperationManager.m; sourceTree = "<group>"; };
		93A9949D19484C22005B403C /* OMNLoginVC.h */ = {isa = PBXFileReference; fileEncoding = 4; lastKnownFileType = sourcecode.c.h; path = OMNLoginVC.h; sourceTree = "<group>"; };
		93A9949E19484C22005B403C /* OMNLoginVC.m */ = {isa = PBXFileReference; fileEncoding = 4; lastKnownFileType = sourcecode.c.objc; path = OMNLoginVC.m; sourceTree = "<group>"; };
		93A9949F19484C22005B403C /* OMNLoginVC.xib */ = {isa = PBXFileReference; fileEncoding = 4; lastKnownFileType = file.xib; path = OMNLoginVC.xib; sourceTree = "<group>"; };
		93A994A119484C22005B403C /* OMNRegisterUserVC.h */ = {isa = PBXFileReference; fileEncoding = 4; lastKnownFileType = sourcecode.c.h; path = OMNRegisterUserVC.h; sourceTree = "<group>"; };
		93A994A219484C22005B403C /* OMNRegisterUserVC.m */ = {isa = PBXFileReference; fileEncoding = 4; lastKnownFileType = sourcecode.c.objc; path = OMNRegisterUserVC.m; sourceTree = "<group>"; };
		93A994A319484C22005B403C /* OMNRegisterUserVC.xib */ = {isa = PBXFileReference; fileEncoding = 4; lastKnownFileType = file.xib; path = OMNRegisterUserVC.xib; sourceTree = "<group>"; };
		93C5A67A195A9FFF005C68EC /* OMNUserInfoModel.h */ = {isa = PBXFileReference; fileEncoding = 4; lastKnownFileType = sourcecode.c.h; path = OMNUserInfoModel.h; sourceTree = "<group>"; };
		93C5A67B195A9FFF005C68EC /* OMNUserInfoModel.m */ = {isa = PBXFileReference; fileEncoding = 4; lastKnownFileType = sourcecode.c.objc; path = OMNUserInfoModel.m; sourceTree = "<group>"; };
		93C5A67E195AA067005C68EC /* OMNUserInfoItem.h */ = {isa = PBXFileReference; fileEncoding = 4; lastKnownFileType = sourcecode.c.h; path = OMNUserInfoItem.h; sourceTree = "<group>"; };
		93C5A67F195AA067005C68EC /* OMNUserInfoItem.m */ = {isa = PBXFileReference; fileEncoding = 4; lastKnownFileType = sourcecode.c.objc; path = OMNUserInfoItem.m; sourceTree = "<group>"; };
		93C5A682195AB1BA005C68EC /* OMNAnalitics.h */ = {isa = PBXFileReference; fileEncoding = 4; lastKnownFileType = sourcecode.c.h; name = OMNAnalitics.h; path = ../../restaurants/restaurants/Model/Analitics/OMNAnalitics.h; sourceTree = "<group>"; };
		93C5A683195AB1BA005C68EC /* OMNAnalitics.m */ = {isa = PBXFileReference; fileEncoding = 4; lastKnownFileType = sourcecode.c.objc; name = OMNAnalitics.m; path = ../../restaurants/restaurants/Model/Analitics/OMNAnalitics.m; sourceTree = "<group>"; };
		93E7C1571918DC1600F22695 /* seocialtest.app */ = {isa = PBXFileReference; explicitFileType = wrapper.application; includeInIndex = 0; path = seocialtest.app; sourceTree = BUILT_PRODUCTS_DIR; };
		93E7C15A1918DC1600F22695 /* Foundation.framework */ = {isa = PBXFileReference; lastKnownFileType = wrapper.framework; name = Foundation.framework; path = System/Library/Frameworks/Foundation.framework; sourceTree = SDKROOT; };
		93E7C15C1918DC1600F22695 /* CoreGraphics.framework */ = {isa = PBXFileReference; lastKnownFileType = wrapper.framework; name = CoreGraphics.framework; path = System/Library/Frameworks/CoreGraphics.framework; sourceTree = SDKROOT; };
		93E7C15E1918DC1600F22695 /* UIKit.framework */ = {isa = PBXFileReference; lastKnownFileType = wrapper.framework; name = UIKit.framework; path = System/Library/Frameworks/UIKit.framework; sourceTree = SDKROOT; };
		93E7C1621918DC1600F22695 /* seocialtest-Info.plist */ = {isa = PBXFileReference; lastKnownFileType = text.plist.xml; path = "seocialtest-Info.plist"; sourceTree = "<group>"; };
		93E7C1641918DC1600F22695 /* en */ = {isa = PBXFileReference; lastKnownFileType = text.plist.strings; name = en; path = en.lproj/InfoPlist.strings; sourceTree = "<group>"; };
		93E7C1661918DC1600F22695 /* main.m */ = {isa = PBXFileReference; lastKnownFileType = sourcecode.c.objc; path = main.m; sourceTree = "<group>"; };
		93E7C1681918DC1600F22695 /* seocialtest-Prefix.pch */ = {isa = PBXFileReference; lastKnownFileType = sourcecode.c.h; path = "seocialtest-Prefix.pch"; sourceTree = "<group>"; };
		93E7C1691918DC1600F22695 /* GAppDelegate.h */ = {isa = PBXFileReference; lastKnownFileType = sourcecode.c.h; path = GAppDelegate.h; sourceTree = "<group>"; };
		93E7C16A1918DC1600F22695 /* GAppDelegate.m */ = {isa = PBXFileReference; lastKnownFileType = sourcecode.c.objc; path = GAppDelegate.m; sourceTree = "<group>"; };
		93E7C16D1918DC1600F22695 /* Base */ = {isa = PBXFileReference; lastKnownFileType = file.storyboard; name = Base; path = Base.lproj/Main.storyboard; sourceTree = "<group>"; };
		93E7C1721918DC1600F22695 /* Images.xcassets */ = {isa = PBXFileReference; lastKnownFileType = folder.assetcatalog; path = Images.xcassets; sourceTree = "<group>"; };
		93E7C1781918DC1600F22695 /* seocialtestTests.xctest */ = {isa = PBXFileReference; explicitFileType = wrapper.cfbundle; includeInIndex = 0; path = seocialtestTests.xctest; sourceTree = BUILT_PRODUCTS_DIR; };
		93E7C1791918DC1600F22695 /* XCTest.framework */ = {isa = PBXFileReference; lastKnownFileType = wrapper.framework; name = XCTest.framework; path = Library/Frameworks/XCTest.framework; sourceTree = DEVELOPER_DIR; };
		93E7C1811918DC1600F22695 /* seocialtestTests-Info.plist */ = {isa = PBXFileReference; lastKnownFileType = text.plist.xml; path = "seocialtestTests-Info.plist"; sourceTree = "<group>"; };
		93E7C1831918DC1600F22695 /* en */ = {isa = PBXFileReference; lastKnownFileType = text.plist.strings; name = en; path = en.lproj/InfoPlist.strings; sourceTree = "<group>"; };
		93E7C1851918DC1600F22695 /* seocialtestTests.m */ = {isa = PBXFileReference; lastKnownFileType = sourcecode.c.objc; path = seocialtestTests.m; sourceTree = "<group>"; };
		C20CA6AA3C3E4AD0B4FF6605 /* libPods-seocialtest.a */ = {isa = PBXFileReference; explicitFileType = archive.ar; includeInIndex = 0; path = "libPods-seocialtest.a"; sourceTree = BUILT_PRODUCTS_DIR; };
/* End PBXFileReference section */

/* Begin PBXFrameworksBuildPhase section */
		93E7C1541918DC1600F22695 /* Frameworks */ = {
			isa = PBXFrameworksBuildPhase;
			buildActionMask = 2147483647;
			files = (
				930839B1191B5CC000188EC2 /* Accounts.framework in Frameworks */,
				930839AB191B5C0100188EC2 /* Social.framework in Frameworks */,
				93E7C15D1918DC1600F22695 /* CoreGraphics.framework in Frameworks */,
				93E7C15F1918DC1600F22695 /* UIKit.framework in Frameworks */,
				93E7C15B1918DC1600F22695 /* Foundation.framework in Frameworks */,
				5673001009284FEB8D119AD9 /* libPods-seocialtest.a in Frameworks */,
			);
			runOnlyForDeploymentPostprocessing = 0;
		};
		93E7C1751918DC1600F22695 /* Frameworks */ = {
			isa = PBXFrameworksBuildPhase;
			buildActionMask = 2147483647;
			files = (
				93E7C17A1918DC1600F22695 /* XCTest.framework in Frameworks */,
				93E7C17C1918DC1600F22695 /* UIKit.framework in Frameworks */,
				93E7C17B1918DC1600F22695 /* Foundation.framework in Frameworks */,
			);
			runOnlyForDeploymentPostprocessing = 0;
		};
/* End PBXFrameworksBuildPhase section */

/* Begin PBXGroup section */
		932FB2DA195ABC2400960F03 /* Info */ = {
			isa = PBXGroup;
			children = (
				932FB2DB195ABC2F00960F03 /* OMNUserInfoVC.h */,
				932FB2DC195ABC2F00960F03 /* OMNUserInfoVC.m */,
				932FB2DD195ABC2F00960F03 /* OMNUserInfoVC.xib */,
			);
			path = Info;
			sourceTree = "<group>";
		};
		93570D3A19503FF60065E6D2 /* ConfirmCode */ = {
			isa = PBXGroup;
			children = (
				93570D3B19503FF60065E6D2 /* OMNConfirmCodeVC.h */,
				93570D3C19503FF60065E6D2 /* OMNConfirmCodeVC.m */,
				93570D3D19503FF60065E6D2 /* OMNConfirmCodeVC.xib */,
			);
			path = ConfirmCode;
			sourceTree = "<group>";
		};
		9369BAFC192E2AE60018C79C /* social */ = {
			isa = PBXGroup;
			children = (
				9369BAFD192E2AE60018C79C /* Controllers */,
				9369BB27192E2AE60018C79C /* GUtils.h */,
				9369BB28192E2AE60018C79C /* GUtils.m */,
				9369BB29192E2AE60018C79C /* Mediator */,
				9369BB2C192E2AE60018C79C /* Model */,
				9369BB5E192E2AE70018C79C /* Resources */,
				9369BB61192E2AE70018C79C /* Transition */,
				9369BB66192E2AE70018C79C /* UIView+frame.h */,
				9369BB67192E2AE70018C79C /* UIView+frame.m */,
				9369BB68192E2AE70018C79C /* View */,
			);
			path = social;
			sourceTree = "<group>";
		};
		9369BAFD192E2AE60018C79C /* Controllers */ = {
			isa = PBXGroup;
			children = (
				9369BAFE192E2AE60018C79C /* Congratulations */,
				9369BB02192E2AE60018C79C /* GViewController.h */,
				9369BB03192E2AE60018C79C /* GViewController.m */,
				9369BB04192E2AE60018C79C /* GViewController1.h */,
				9369BB05192E2AE60018C79C /* GViewController1.m */,
				9369BB06192E2AE60018C79C /* GViewController1.xib */,
				93A9949B19484C22005B403C /* User */,
				9369BB1B192E2AE60018C79C /* user info */,
			);
			path = Controllers;
			sourceTree = "<group>";
		};
		9369BAFE192E2AE60018C79C /* Congratulations */ = {
			isa = PBXGroup;
			children = (
				9369BAFF192E2AE60018C79C /* GCongratulationsVC.h */,
				9369BB00192E2AE60018C79C /* GCongratulationsVC.m */,
				9369BB01192E2AE60018C79C /* GCongratulationsVC.xib */,
			);
			path = Congratulations;
			sourceTree = "<group>";
		};
		9369BB1B192E2AE60018C79C /* user info */ = {
			isa = PBXGroup;
			children = (
				9369BB1C192E2AE60018C79C /* GLoginDataSource.h */,
				9369BB1D192E2AE60018C79C /* GLoginDataSource.m */,
				9369BB1E192E2AE60018C79C /* GUserDetailsVC.h */,
				9369BB1F192E2AE60018C79C /* GUserDetailsVC.m */,
				9369BB20192E2AE60018C79C /* GUserDetailsVC.xib */,
				9369BB21192E2AE60018C79C /* GUserInfoDataSource.h */,
				9369BB22192E2AE60018C79C /* GUserInfoDataSource.m */,
				9369BB23192E2AE60018C79C /* GUserInfoVC.h */,
				9369BB24192E2AE60018C79C /* GUserInfoVC.m */,
			);
			path = "user info";
			sourceTree = "<group>";
		};
		9369BB29192E2AE60018C79C /* Mediator */ = {
			isa = PBXGroup;
			children = (
				9369BB2A192E2AE60018C79C /* GControllerMediator.h */,
				9369BB2B192E2AE60018C79C /* GControllerMediator.m */,
			);
			path = Mediator;
			sourceTree = "<group>";
		};
		9369BB2C192E2AE60018C79C /* Model */ = {
			isa = PBXGroup;
			children = (
				93C5A679195A9FE5005C68EC /* User */,
				9369BB35192E2AE60018C79C /* Social */,
			);
			path = Model;
			sourceTree = "<group>";
		};
		9369BB35192E2AE60018C79C /* Social */ = {
			isa = PBXGroup;
			children = (
				9369BB36192E2AE60018C79C /* Facebook */,
				9369BB39192E2AE60018C79C /* G+ */,
				9369BB3C192E2AE60018C79C /* GAuthManager.h */,
				9369BB3D192E2AE60018C79C /* GAuthManager.m */,
				9369BB3E192E2AE60018C79C /* GSocialNetwork.h */,
				9369BB3F192E2AE60018C79C /* GSocialNetwork.m */,
				9369BB40192E2AE60018C79C /* OK */,
				9369BB51192E2AE60018C79C /* Twitter */,
				9369BB54192E2AE60018C79C /* VK */,
			);
			path = Social;
			sourceTree = "<group>";
		};
		9369BB36192E2AE60018C79C /* Facebook */ = {
			isa = PBXGroup;
			children = (
				9369BB37192E2AE60018C79C /* GFBNetwork.h */,
				9369BB38192E2AE60018C79C /* GFBNetwork.m */,
			);
			path = Facebook;
			sourceTree = "<group>";
		};
		9369BB39192E2AE60018C79C /* G+ */ = {
			isa = PBXGroup;
			children = (
				9369BB3A192E2AE60018C79C /* GGPlusNetwork.h */,
				9369BB3B192E2AE60018C79C /* GGPlusNetwork.m */,
			);
			path = "G+";
			sourceTree = "<group>";
		};
		9369BB40192E2AE60018C79C /* OK */ = {
			isa = PBXGroup;
			children = (
				9369BB41192E2AE60018C79C /* GOKNetwork.h */,
				9369BB42192E2AE60018C79C /* GOKNetwork.m */,
				9369BB43192E2AE60018C79C /* Odnoklassniki SDK */,
			);
			path = OK;
			sourceTree = "<group>";
		};
		9369BB43192E2AE60018C79C /* Odnoklassniki SDK */ = {
			isa = PBXGroup;
			children = (
				9369BB44192E2AE60018C79C /* Friends */,
				9369BB47192E2AE60018C79C /* NSString+OKUtils.h */,
				9369BB48192E2AE60018C79C /* NSString+OKUtils.m */,
				9369BB49192E2AE60018C79C /* Odnoklassniki.h */,
				9369BB4A192E2AE60018C79C /* Odnoklassniki.m */,
				9369BB4B192E2AE60018C79C /* OKRequest.h */,
				9369BB4C192E2AE60018C79C /* OKRequest.m */,
				9369BB4D192E2AE60018C79C /* OKSession.h */,
				9369BB4E192E2AE60018C79C /* OKSession.m */,
				9369BB4F192E2AE60018C79C /* OKTokenCache.h */,
				9369BB50192E2AE60018C79C /* OKTokenCache.m */,
			);
			path = "Odnoklassniki SDK";
			sourceTree = "<group>";
		};
		9369BB44192E2AE60018C79C /* Friends */ = {
			isa = PBXGroup;
			children = (
				9369BB45192E2AE60018C79C /* OKFriends.h */,
				9369BB46192E2AE60018C79C /* OKFriends.m */,
			);
			path = Friends;
			sourceTree = "<group>";
		};
		9369BB51192E2AE60018C79C /* Twitter */ = {
			isa = PBXGroup;
			children = (
				9369BB52192E2AE60018C79C /* GTwitterNetwork.h */,
				9369BB53192E2AE60018C79C /* GTwitterNetwork.m */,
			);
			path = Twitter;
			sourceTree = "<group>";
		};
		9369BB54192E2AE60018C79C /* VK */ = {
			isa = PBXGroup;
			children = (
				9369BB55192E2AE60018C79C /* GVKNetwork.h */,
				9369BB56192E2AE60018C79C /* GVKNetwork.m */,
			);
			path = VK;
			sourceTree = "<group>";
		};
		9369BB5E192E2AE70018C79C /* Resources */ = {
			isa = PBXGroup;
			children = (
				9369BB5F192E2AE70018C79C /* Fonts */,
			);
			path = Resources;
			sourceTree = "<group>";
		};
		9369BB5F192E2AE70018C79C /* Fonts */ = {
			isa = PBXGroup;
			children = (
				9369BB60192E2AE70018C79C /* rouble.otf */,
			);
			path = Fonts;
			sourceTree = "<group>";
		};
		9369BB61192E2AE70018C79C /* Transition */ = {
			isa = PBXGroup;
			children = (
				9369BB62192E2AE70018C79C /* OMNUserInfoTransition.h */,
				9369BB63192E2AE70018C79C /* OMNUserInfoTransition.m */,
				9369BB64192E2AE70018C79C /* OMNUserInfoTransitionDelegate.h */,
				9369BB65192E2AE70018C79C /* OMNUserInfoTransitionDelegate.m */,
			);
			path = Transition;
			sourceTree = "<group>";
		};
		9369BB68192E2AE70018C79C /* View */ = {
			isa = PBXGroup;
			children = (
				9369BB6C192E2AE70018C79C /* Cell */,
				93570D42195040330065E6D2 /* OMNEnterCodeView.h */,
				93570D43195040330065E6D2 /* OMNEnterCodeView.m */,
				939DA16719540C6F0063AB23 /* OMNNumberKeyboardView.h */,
				939DA16819540C6F0063AB23 /* OMNNumberKeyboardView.m */,
			);
			path = View;
			sourceTree = "<group>";
		};
		9369BB6C192E2AE70018C79C /* Cell */ = {
			isa = PBXGroup;
			children = (
				9369BB6D192E2AE70018C79C /* GSocialCell.h */,
				9369BB6E192E2AE70018C79C /* GSocialCell.m */,
			);
			path = Cell;
			sourceTree = "<group>";
		};
		93A368F91946FF9A00DE91D8 /* References */ = {
			isa = PBXGroup;
			children = (
				93A368FE1947074600DE91D8 /* OMNAuthorisation.h */,
				93A368FF1947074600DE91D8 /* OMNAuthorisation.m */,
				93A369001947074600DE91D8 /* OMNUser.h */,
				93A369011947074600DE91D8 /* OMNUser.m */,
				93A368FA1946FFA500DE91D8 /* OMNConstants.h */,
				93A368FB1946FFA500DE91D8 /* OMNConstants.m */,
				93A36906194715F100DE91D8 /* OMNAuthorizationManager.h */,
				93A36907194715F100DE91D8 /* OMNAuthorizationManager.m */,
				93A36908194715F100DE91D8 /* OMNOperationManager.h */,
				93A36909194715F100DE91D8 /* OMNOperationManager.m */,
				93C5A682195AB1BA005C68EC /* OMNAnalitics.h */,
				93C5A683195AB1BA005C68EC /* OMNAnalitics.m */,
			);
			name = References;
			sourceTree = "<group>";
		};
		93A9949B19484C22005B403C /* User */ = {
			isa = PBXGroup;
			children = (
				932FB2DA195ABC2400960F03 /* Info */,
				93570D3A19503FF60065E6D2 /* ConfirmCode */,
				93A9949C19484C22005B403C /* Login */,
				93A994A019484C22005B403C /* Register */,
				939DA15D195401D70063AB23 /* OMNAuthorizationDelegate.h */,
			);
			path = User;
			sourceTree = "<group>";
		};
		93A9949C19484C22005B403C /* Login */ = {
			isa = PBXGroup;
			children = (
				93A9949D19484C22005B403C /* OMNLoginVC.h */,
				93A9949E19484C22005B403C /* OMNLoginVC.m */,
				93A9949F19484C22005B403C /* OMNLoginVC.xib */,
				93570D461950A52C0065E6D2 /* OMNPhoneNumberTextFieldDelegate.h */,
				93570D471950A52C0065E6D2 /* OMNPhoneNumberTextFieldDelegate.m */,
			);
			path = Login;
			sourceTree = "<group>";
		};
		93A994A019484C22005B403C /* Register */ = {
			isa = PBXGroup;
			children = (
				93A994A119484C22005B403C /* OMNRegisterUserVC.h */,
				93A994A219484C22005B403C /* OMNRegisterUserVC.m */,
				93A994A319484C22005B403C /* OMNRegisterUserVC.xib */,
			);
			path = Register;
			sourceTree = "<group>";
		};
		93C5A679195A9FE5005C68EC /* User */ = {
			isa = PBXGroup;
			children = (
				93C5A67E195AA067005C68EC /* OMNUserInfoItem.h */,
				93C5A67F195AA067005C68EC /* OMNUserInfoItem.m */,
				93C5A67A195A9FFF005C68EC /* OMNUserInfoModel.h */,
				93C5A67B195A9FFF005C68EC /* OMNUserInfoModel.m */,
			);
			name = User;
			sourceTree = "<group>";
		};
		93E7C14E1918DC1600F22695 = {
			isa = PBXGroup;
			children = (
				93E7C1601918DC1600F22695 /* seocialtest */,
				93E7C17F1918DC1600F22695 /* seocialtestTests */,
				93E7C1591918DC1600F22695 /* Frameworks */,
				93E7C1581918DC1600F22695 /* Products */,
				3857FCD33DF54CFCB3DFC479 /* Pods-seocialtest.xcconfig */,
			);
			sourceTree = "<group>";
		};
		93E7C1581918DC1600F22695 /* Products */ = {
			isa = PBXGroup;
			children = (
				93E7C1571918DC1600F22695 /* seocialtest.app */,
				93E7C1781918DC1600F22695 /* seocialtestTests.xctest */,
			);
			name = Products;
			sourceTree = "<group>";
		};
		93E7C1591918DC1600F22695 /* Frameworks */ = {
			isa = PBXGroup;
			children = (
				930839B0191B5CC000188EC2 /* Accounts.framework */,
				930839AA191B5C0100188EC2 /* Social.framework */,
				93E7C15A1918DC1600F22695 /* Foundation.framework */,
				93E7C15C1918DC1600F22695 /* CoreGraphics.framework */,
				93E7C15E1918DC1600F22695 /* UIKit.framework */,
				93E7C1791918DC1600F22695 /* XCTest.framework */,
				C20CA6AA3C3E4AD0B4FF6605 /* libPods-seocialtest.a */,
			);
			name = Frameworks;
			sourceTree = "<group>";
		};
		93E7C1601918DC1600F22695 /* seocialtest */ = {
			isa = PBXGroup;
			children = (
				93A368F91946FF9A00DE91D8 /* References */,
				9369BAFC192E2AE60018C79C /* social */,
				93E7C1691918DC1600F22695 /* GAppDelegate.h */,
				93E7C16A1918DC1600F22695 /* GAppDelegate.m */,
				93E7C16C1918DC1600F22695 /* Main.storyboard */,
				93E7C1721918DC1600F22695 /* Images.xcassets */,
				93E7C1611918DC1600F22695 /* Supporting Files */,
			);
			path = seocialtest;
			sourceTree = "<group>";
		};
		93E7C1611918DC1600F22695 /* Supporting Files */ = {
			isa = PBXGroup;
			children = (
				93E7C1621918DC1600F22695 /* seocialtest-Info.plist */,
				93E7C1631918DC1600F22695 /* InfoPlist.strings */,
				93E7C1661918DC1600F22695 /* main.m */,
				93E7C1681918DC1600F22695 /* seocialtest-Prefix.pch */,
			);
			name = "Supporting Files";
			sourceTree = "<group>";
		};
		93E7C17F1918DC1600F22695 /* seocialtestTests */ = {
			isa = PBXGroup;
			children = (
				93E7C1851918DC1600F22695 /* seocialtestTests.m */,
				93E7C1801918DC1600F22695 /* Supporting Files */,
			);
			path = seocialtestTests;
			sourceTree = "<group>";
		};
		93E7C1801918DC1600F22695 /* Supporting Files */ = {
			isa = PBXGroup;
			children = (
				93E7C1811918DC1600F22695 /* seocialtestTests-Info.plist */,
				93E7C1821918DC1600F22695 /* InfoPlist.strings */,
			);
			name = "Supporting Files";
			sourceTree = "<group>";
		};
/* End PBXGroup section */

/* Begin PBXNativeTarget section */
		93E7C1561918DC1600F22695 /* seocialtest */ = {
			isa = PBXNativeTarget;
			buildConfigurationList = 93E7C1891918DC1600F22695 /* Build configuration list for PBXNativeTarget "seocialtest" */;
			buildPhases = (
				507230971BFA4EE59C0706BD /* Check Pods Manifest.lock */,
				93E7C1531918DC1600F22695 /* Sources */,
				93E7C1541918DC1600F22695 /* Frameworks */,
				93E7C1551918DC1600F22695 /* Resources */,
				BFBD09697A8743EC87BBD5E2 /* Copy Pods Resources */,
			);
			buildRules = (
			);
			dependencies = (
			);
			name = seocialtest;
			productName = seocialtest;
			productReference = 93E7C1571918DC1600F22695 /* seocialtest.app */;
			productType = "com.apple.product-type.application";
		};
		93E7C1771918DC1600F22695 /* seocialtestTests */ = {
			isa = PBXNativeTarget;
			buildConfigurationList = 93E7C18C1918DC1600F22695 /* Build configuration list for PBXNativeTarget "seocialtestTests" */;
			buildPhases = (
				93E7C1741918DC1600F22695 /* Sources */,
				93E7C1751918DC1600F22695 /* Frameworks */,
				93E7C1761918DC1600F22695 /* Resources */,
			);
			buildRules = (
			);
			dependencies = (
				93E7C17E1918DC1600F22695 /* PBXTargetDependency */,
			);
			name = seocialtestTests;
			productName = seocialtestTests;
			productReference = 93E7C1781918DC1600F22695 /* seocialtestTests.xctest */;
			productType = "com.apple.product-type.bundle.unit-test";
		};
/* End PBXNativeTarget section */

/* Begin PBXProject section */
		93E7C14F1918DC1600F22695 /* Project object */ = {
			isa = PBXProject;
			attributes = {
				CLASSPREFIX = G;
				LastUpgradeCheck = 0510;
				ORGANIZATIONNAME = tea;
				TargetAttributes = {
					93E7C1771918DC1600F22695 = {
						TestTargetID = 93E7C1561918DC1600F22695;
					};
				};
			};
			buildConfigurationList = 93E7C1521918DC1600F22695 /* Build configuration list for PBXProject "seocialtest" */;
			compatibilityVersion = "Xcode 3.2";
			developmentRegion = English;
			hasScannedForEncodings = 0;
			knownRegions = (
				en,
				Base,
			);
			mainGroup = 93E7C14E1918DC1600F22695;
			productRefGroup = 93E7C1581918DC1600F22695 /* Products */;
			projectDirPath = "";
			projectRoot = "";
			targets = (
				93E7C1561918DC1600F22695 /* seocialtest */,
				93E7C1771918DC1600F22695 /* seocialtestTests */,
			);
		};
/* End PBXProject section */

/* Begin PBXResourcesBuildPhase section */
		93E7C1551918DC1600F22695 /* Resources */ = {
			isa = PBXResourcesBuildPhase;
			buildActionMask = 2147483647;
			files = (
				932FB2E0195ABC2F00960F03 /* OMNUserInfoVC.xib in Resources */,
				93E7C1731918DC1600F22695 /* Images.xcassets in Resources */,
				9369BBCE192E2AE70018C79C /* rouble.otf in Resources */,
				93570D4019503FF60065E6D2 /* OMNConfirmCodeVC.xib in Resources */,
				9369BB9C192E2AE70018C79C /* GUserDetailsVC.xib in Resources */,
				93E7C1651918DC1600F22695 /* InfoPlist.strings in Resources */,
				93A994AA19484C22005B403C /* OMNRegisterUserVC.xib in Resources */,
				9369BB82192E2AE70018C79C /* GViewController1.xib in Resources */,
				9369BB7C192E2AE70018C79C /* GCongratulationsVC.xib in Resources */,
				93E7C16E1918DC1600F22695 /* Main.storyboard in Resources */,
				93A994A619484C22005B403C /* OMNLoginVC.xib in Resources */,
			);
			runOnlyForDeploymentPostprocessing = 0;
		};
		93E7C1761918DC1600F22695 /* Resources */ = {
			isa = PBXResourcesBuildPhase;
			buildActionMask = 2147483647;
			files = (
				9369BBCF192E2AE70018C79C /* rouble.otf in Resources */,
				93A994A719484C22005B403C /* OMNLoginVC.xib in Resources */,
				9369BB83192E2AE70018C79C /* GViewController1.xib in Resources */,
				9369BB7D192E2AE70018C79C /* GCongratulationsVC.xib in Resources */,
				93A994AB19484C22005B403C /* OMNRegisterUserVC.xib in Resources */,
				9369BB9D192E2AE70018C79C /* GUserDetailsVC.xib in Resources */,
				93E7C1841918DC1600F22695 /* InfoPlist.strings in Resources */,
				93570D4119503FF60065E6D2 /* OMNConfirmCodeVC.xib in Resources */,
				932FB2E1195ABC2F00960F03 /* OMNUserInfoVC.xib in Resources */,
			);
			runOnlyForDeploymentPostprocessing = 0;
		};
/* End PBXResourcesBuildPhase section */

/* Begin PBXShellScriptBuildPhase section */
		507230971BFA4EE59C0706BD /* Check Pods Manifest.lock */ = {
			isa = PBXShellScriptBuildPhase;
			buildActionMask = 2147483647;
			files = (
			);
			inputPaths = (
			);
			name = "Check Pods Manifest.lock";
			outputPaths = (
			);
			runOnlyForDeploymentPostprocessing = 0;
			shellPath = /bin/sh;
			shellScript = "diff \"${PODS_ROOT}/../Podfile.lock\" \"${PODS_ROOT}/Manifest.lock\" > /dev/null\nif [[ $? != 0 ]] ; then\n    cat << EOM\nerror: The sandbox is not in sync with the Podfile.lock. Run 'pod install' or update your CocoaPods installation.\nEOM\n    exit 1\nfi\n";
			showEnvVarsInLog = 0;
		};
		BFBD09697A8743EC87BBD5E2 /* Copy Pods Resources */ = {
			isa = PBXShellScriptBuildPhase;
			buildActionMask = 2147483647;
			files = (
			);
			inputPaths = (
			);
			name = "Copy Pods Resources";
			outputPaths = (
			);
			runOnlyForDeploymentPostprocessing = 0;
			shellPath = /bin/sh;
			shellScript = "\"${SRCROOT}/../Pods/Pods-seocialtest-resources.sh\"\n";
			showEnvVarsInLog = 0;
		};
/* End PBXShellScriptBuildPhase section */

/* Begin PBXSourcesBuildPhase section */
		93E7C1531918DC1600F22695 /* Sources */ = {
			isa = PBXSourcesBuildPhase;
			buildActionMask = 2147483647;
			files = (
				93570D3E19503FF60065E6D2 /* OMNConfirmCodeVC.m in Sources */,
				939DA16919540C6F0063AB23 /* OMNNumberKeyboardView.m in Sources */,
				93C5A67C195A9FFF005C68EC /* OMNUserInfoModel.m in Sources */,
				9369BBB6192E2AE70018C79C /* GOKNetwork.m in Sources */,
				9369BB98192E2AE70018C79C /* GLoginDataSource.m in Sources */,
				9369BBA0192E2AE70018C79C /* GUserInfoVC.m in Sources */,
				9369BBD0192E2AE70018C79C /* OMNUserInfoTransition.m in Sources */,
				9369BBB0192E2AE70018C79C /* GGPlusNetwork.m in Sources */,
				9369BBC4192E2AE70018C79C /* GTwitterNetwork.m in Sources */,
				9369BBD4192E2AE70018C79C /* UIView+frame.m in Sources */,
				9369BBAE192E2AE70018C79C /* GFBNetwork.m in Sources */,
				9369BBA4192E2AE70018C79C /* GUtils.m in Sources */,
				93A994A819484C22005B403C /* OMNRegisterUserVC.m in Sources */,
				93C5A684195AB1BA005C68EC /* OMNAnalitics.m in Sources */,
				9369BBC0192E2AE70018C79C /* OKSession.m in Sources */,
				932FB2DE195ABC2F00960F03 /* OMNUserInfoVC.m in Sources */,
				93A3690A194715F100DE91D8 /* OMNAuthorizationManager.m in Sources */,
				93A994A419484C22005B403C /* OMNLoginVC.m in Sources */,
				9369BBD8192E2AE70018C79C /* GSocialCell.m in Sources */,
				9369BBB4192E2AE70018C79C /* GSocialNetwork.m in Sources */,
				93E7C16B1918DC1600F22695 /* GAppDelegate.m in Sources */,
				9369BBA6192E2AE70018C79C /* GControllerMediator.m in Sources */,
				93A369041947074600DE91D8 /* OMNUser.m in Sources */,
				93570D481950A52C0065E6D2 /* OMNPhoneNumberTextFieldDelegate.m in Sources */,
				93E7C1671918DC1600F22695 /* main.m in Sources */,
				93A368FC1946FFA500DE91D8 /* OMNConstants.m in Sources */,
				9369BBBC192E2AE70018C79C /* Odnoklassniki.m in Sources */,
				9369BB9E192E2AE70018C79C /* GUserInfoDataSource.m in Sources */,
				9369BBB8192E2AE70018C79C /* OKFriends.m in Sources */,
				93A3690C194715F100DE91D8 /* OMNOperationManager.m in Sources */,
				9369BBD2192E2AE70018C79C /* OMNUserInfoTransitionDelegate.m in Sources */,
				9369BBC6192E2AE70018C79C /* GVKNetwork.m in Sources */,
				9369BBC2192E2AE70018C79C /* OKTokenCache.m in Sources */,
				9369BB7E192E2AE70018C79C /* GViewController.m in Sources */,
				9369BBBA192E2AE70018C79C /* NSString+OKUtils.m in Sources */,
				9369BB7A192E2AE70018C79C /* GCongratulationsVC.m in Sources */,
				93A369021947074600DE91D8 /* OMNAuthorisation.m in Sources */,
				9369BBB2192E2AE70018C79C /* GAuthManager.m in Sources */,
				9369BB9A192E2AE70018C79C /* GUserDetailsVC.m in Sources */,
				93C5A680195AA067005C68EC /* OMNUserInfoItem.m in Sources */,
				9369BB80192E2AE70018C79C /* GViewController1.m in Sources */,
				9369BBBE192E2AE70018C79C /* OKRequest.m in Sources */,
				93570D44195040330065E6D2 /* OMNEnterCodeView.m in Sources */,
			);
			runOnlyForDeploymentPostprocessing = 0;
		};
		93E7C1741918DC1600F22695 /* Sources */ = {
			isa = PBXSourcesBuildPhase;
			buildActionMask = 2147483647;
			files = (
				9369BBC1192E2AE70018C79C /* OKSession.m in Sources */,
				93A369031947074600DE91D8 /* OMNAuthorisation.m in Sources */,
				9369BBD3192E2AE70018C79C /* OMNUserInfoTransitionDelegate.m in Sources */,
				9369BB81192E2AE70018C79C /* GViewController1.m in Sources */,
				9369BBC7192E2AE70018C79C /* GVKNetwork.m in Sources */,
				93570D45195040330065E6D2 /* OMNEnterCodeView.m in Sources */,
				9369BB9B192E2AE70018C79C /* GUserDetailsVC.m in Sources */,
				93A369051947074600DE91D8 /* OMNUser.m in Sources */,
				9369BBB1192E2AE70018C79C /* GGPlusNetwork.m in Sources */,
				93570D491950A52C0065E6D2 /* OMNPhoneNumberTextFieldDelegate.m in Sources */,
				9369BBB5192E2AE70018C79C /* GSocialNetwork.m in Sources */,
				93A994A919484C22005B403C /* OMNRegisterUserVC.m in Sources */,
				9369BB99192E2AE70018C79C /* GLoginDataSource.m in Sources */,
				9369BBA7192E2AE70018C79C /* GControllerMediator.m in Sources */,
				9369BBA1192E2AE70018C79C /* GUserInfoVC.m in Sources */,
				93570D3F19503FF60065E6D2 /* OMNConfirmCodeVC.m in Sources */,
				93C5A681195AA067005C68EC /* OMNUserInfoItem.m in Sources */,
				9369BB9F192E2AE70018C79C /* GUserInfoDataSource.m in Sources */,
				9369BBC5192E2AE70018C79C /* GTwitterNetwork.m in Sources */,
				9369BBB3192E2AE70018C79C /* GAuthManager.m in Sources */,
				932FB2DF195ABC2F00960F03 /* OMNUserInfoVC.m in Sources */,
				9369BBBB192E2AE70018C79C /* NSString+OKUtils.m in Sources */,
				9369BBBD192E2AE70018C79C /* Odnoklassniki.m in Sources */,
				9369BBA5192E2AE70018C79C /* GUtils.m in Sources */,
				9369BBB7192E2AE70018C79C /* GOKNetwork.m in Sources */,
				939DA16A19540C6F0063AB23 /* OMNNumberKeyboardView.m in Sources */,
				9369BB7B192E2AE70018C79C /* GCongratulationsVC.m in Sources */,
				9369BBBF192E2AE70018C79C /* OKRequest.m in Sources */,
				9369BBC3192E2AE70018C79C /* OKTokenCache.m in Sources */,
				9369BBD1192E2AE70018C79C /* OMNUserInfoTransition.m in Sources */,
				93A368FD1946FFA500DE91D8 /* OMNConstants.m in Sources */,
				93E7C1861918DC1600F22695 /* seocialtestTests.m in Sources */,
				93A3690B194715F100DE91D8 /* OMNAuthorizationManager.m in Sources */,
				9369BB7F192E2AE70018C79C /* GViewController.m in Sources */,
				9369BBD9192E2AE70018C79C /* GSocialCell.m in Sources */,
				93A994A519484C22005B403C /* OMNLoginVC.m in Sources */,
				93C5A67D195AA000005C68EC /* OMNUserInfoModel.m in Sources */,
				93C5A685195AB1BA005C68EC /* OMNAnalitics.m in Sources */,
				9369BBD5192E2AE70018C79C /* UIView+frame.m in Sources */,
				9369BBAF192E2AE70018C79C /* GFBNetwork.m in Sources */,
				93A3690D194715F100DE91D8 /* OMNOperationManager.m in Sources */,
				9369BBB9192E2AE70018C79C /* OKFriends.m in Sources */,
			);
			runOnlyForDeploymentPostprocessing = 0;
		};
/* End PBXSourcesBuildPhase section */

/* Begin PBXTargetDependency section */
		93E7C17E1918DC1600F22695 /* PBXTargetDependency */ = {
			isa = PBXTargetDependency;
			target = 93E7C1561918DC1600F22695 /* seocialtest */;
			targetProxy = 93E7C17D1918DC1600F22695 /* PBXContainerItemProxy */;
		};
/* End PBXTargetDependency section */

/* Begin PBXVariantGroup section */
		93E7C1631918DC1600F22695 /* InfoPlist.strings */ = {
			isa = PBXVariantGroup;
			children = (
				93E7C1641918DC1600F22695 /* en */,
			);
			name = InfoPlist.strings;
			sourceTree = "<group>";
		};
		93E7C16C1918DC1600F22695 /* Main.storyboard */ = {
			isa = PBXVariantGroup;
			children = (
				93E7C16D1918DC1600F22695 /* Base */,
			);
			name = Main.storyboard;
			sourceTree = "<group>";
		};
		93E7C1821918DC1600F22695 /* InfoPlist.strings */ = {
			isa = PBXVariantGroup;
			children = (
				93E7C1831918DC1600F22695 /* en */,
			);
			name = InfoPlist.strings;
			sourceTree = "<group>";
		};
/* End PBXVariantGroup section */

/* Begin XCBuildConfiguration section */
		93E7C1871918DC1600F22695 /* Debug */ = {
			isa = XCBuildConfiguration;
			buildSettings = {
				ALWAYS_SEARCH_USER_PATHS = NO;
				CLANG_CXX_LANGUAGE_STANDARD = "gnu++0x";
				CLANG_CXX_LIBRARY = "libc++";
				CLANG_ENABLE_MODULES = YES;
				CLANG_ENABLE_OBJC_ARC = YES;
				CLANG_WARN_BOOL_CONVERSION = YES;
				CLANG_WARN_CONSTANT_CONVERSION = YES;
				CLANG_WARN_DIRECT_OBJC_ISA_USAGE = YES_ERROR;
				CLANG_WARN_EMPTY_BODY = YES;
				CLANG_WARN_ENUM_CONVERSION = YES;
				CLANG_WARN_INT_CONVERSION = YES;
				CLANG_WARN_OBJC_ROOT_CLASS = YES_ERROR;
				CLANG_WARN__DUPLICATE_METHOD_MATCH = YES;
				"CODE_SIGN_IDENTITY[sdk=iphoneos*]" = "iPhone Developer";
				COPY_PHASE_STRIP = NO;
				GCC_C_LANGUAGE_STANDARD = gnu99;
				GCC_DYNAMIC_NO_PIC = NO;
				GCC_OPTIMIZATION_LEVEL = 0;
				GCC_PREPROCESSOR_DEFINITIONS = (
					"DEBUG=1",
					"$(inherited)",
				);
				GCC_SYMBOLS_PRIVATE_EXTERN = NO;
				GCC_WARN_64_TO_32_BIT_CONVERSION = YES;
				GCC_WARN_ABOUT_RETURN_TYPE = YES_ERROR;
				GCC_WARN_UNDECLARED_SELECTOR = YES;
				GCC_WARN_UNINITIALIZED_AUTOS = YES_AGGRESSIVE;
				GCC_WARN_UNUSED_FUNCTION = YES;
				GCC_WARN_UNUSED_VARIABLE = YES;
				IPHONEOS_DEPLOYMENT_TARGET = 7.1;
				ONLY_ACTIVE_ARCH = YES;
				SDKROOT = iphoneos;
			};
			name = Debug;
		};
		93E7C1881918DC1600F22695 /* Release */ = {
			isa = XCBuildConfiguration;
			buildSettings = {
				ALWAYS_SEARCH_USER_PATHS = NO;
				CLANG_CXX_LANGUAGE_STANDARD = "gnu++0x";
				CLANG_CXX_LIBRARY = "libc++";
				CLANG_ENABLE_MODULES = YES;
				CLANG_ENABLE_OBJC_ARC = YES;
				CLANG_WARN_BOOL_CONVERSION = YES;
				CLANG_WARN_CONSTANT_CONVERSION = YES;
				CLANG_WARN_DIRECT_OBJC_ISA_USAGE = YES_ERROR;
				CLANG_WARN_EMPTY_BODY = YES;
				CLANG_WARN_ENUM_CONVERSION = YES;
				CLANG_WARN_INT_CONVERSION = YES;
				CLANG_WARN_OBJC_ROOT_CLASS = YES_ERROR;
				CLANG_WARN__DUPLICATE_METHOD_MATCH = YES;
				"CODE_SIGN_IDENTITY[sdk=iphoneos*]" = "iPhone Developer";
				COPY_PHASE_STRIP = YES;
				ENABLE_NS_ASSERTIONS = NO;
				GCC_C_LANGUAGE_STANDARD = gnu99;
				GCC_WARN_64_TO_32_BIT_CONVERSION = YES;
				GCC_WARN_ABOUT_RETURN_TYPE = YES_ERROR;
				GCC_WARN_UNDECLARED_SELECTOR = YES;
				GCC_WARN_UNINITIALIZED_AUTOS = YES_AGGRESSIVE;
				GCC_WARN_UNUSED_FUNCTION = YES;
				GCC_WARN_UNUSED_VARIABLE = YES;
				IPHONEOS_DEPLOYMENT_TARGET = 7.1;
				SDKROOT = iphoneos;
				VALIDATE_PRODUCT = YES;
			};
			name = Release;
		};
		93E7C18A1918DC1600F22695 /* Debug */ = {
			isa = XCBuildConfiguration;
			baseConfigurationReference = 3857FCD33DF54CFCB3DFC479 /* Pods-seocialtest.xcconfig */;
			buildSettings = {
				ASSETCATALOG_COMPILER_APPICON_NAME = AppIcon;
				ASSETCATALOG_COMPILER_LAUNCHIMAGE_NAME = LaunchImage;
				GCC_PRECOMPILE_PREFIX_HEADER = YES;
				GCC_PREFIX_HEADER = "seocialtest/seocialtest-Prefix.pch";
				INFOPLIST_FILE = "seocialtest/seocialtest-Info.plist";
				LIBRARY_SEARCH_PATHS = "$(inherited)";
				PRODUCT_NAME = "$(TARGET_NAME)";
				TARGETED_DEVICE_FAMILY = 1;
				WRAPPER_EXTENSION = app;
			};
			name = Debug;
		};
		93E7C18B1918DC1600F22695 /* Release */ = {
			isa = XCBuildConfiguration;
			baseConfigurationReference = 3857FCD33DF54CFCB3DFC479 /* Pods-seocialtest.xcconfig */;
			buildSettings = {
				ASSETCATALOG_COMPILER_APPICON_NAME = AppIcon;
				ASSETCATALOG_COMPILER_LAUNCHIMAGE_NAME = LaunchImage;
				GCC_PRECOMPILE_PREFIX_HEADER = YES;
				GCC_PREFIX_HEADER = "seocialtest/seocialtest-Prefix.pch";
				INFOPLIST_FILE = "seocialtest/seocialtest-Info.plist";
				LIBRARY_SEARCH_PATHS = "$(inherited)";
				PRODUCT_NAME = "$(TARGET_NAME)";
				TARGETED_DEVICE_FAMILY = 1;
				WRAPPER_EXTENSION = app;
			};
			name = Release;
		};
		93E7C18D1918DC1600F22695 /* Debug */ = {
			isa = XCBuildConfiguration;
			buildSettings = {
				BUNDLE_LOADER = "$(BUILT_PRODUCTS_DIR)/seocialtest.app/seocialtest";
				FRAMEWORK_SEARCH_PATHS = (
					"$(SDKROOT)/Developer/Library/Frameworks",
					"$(inherited)",
					"$(DEVELOPER_FRAMEWORKS_DIR)",
				);
				GCC_PRECOMPILE_PREFIX_HEADER = YES;
				GCC_PREFIX_HEADER = "seocialtest/seocialtest-Prefix.pch";
				GCC_PREPROCESSOR_DEFINITIONS = (
					"DEBUG=1",
					"$(inherited)",
				);
				INFOPLIST_FILE = "seocialtestTests/seocialtestTests-Info.plist";
				PRODUCT_NAME = "$(TARGET_NAME)";
				TEST_HOST = "$(BUNDLE_LOADER)";
				WRAPPER_EXTENSION = xctest;
			};
			name = Debug;
		};
		93E7C18E1918DC1600F22695 /* Release */ = {
			isa = XCBuildConfiguration;
			buildSettings = {
				BUNDLE_LOADER = "$(BUILT_PRODUCTS_DIR)/seocialtest.app/seocialtest";
				FRAMEWORK_SEARCH_PATHS = (
					"$(SDKROOT)/Developer/Library/Frameworks",
					"$(inherited)",
					"$(DEVELOPER_FRAMEWORKS_DIR)",
				);
				GCC_PRECOMPILE_PREFIX_HEADER = YES;
				GCC_PREFIX_HEADER = "seocialtest/seocialtest-Prefix.pch";
				INFOPLIST_FILE = "seocialtestTests/seocialtestTests-Info.plist";
				PRODUCT_NAME = "$(TARGET_NAME)";
				TEST_HOST = "$(BUNDLE_LOADER)";
				WRAPPER_EXTENSION = xctest;
			};
			name = Release;
		};
/* End XCBuildConfiguration section */

/* Begin XCConfigurationList section */
		93E7C1521918DC1600F22695 /* Build configuration list for PBXProject "seocialtest" */ = {
			isa = XCConfigurationList;
			buildConfigurations = (
				93E7C1871918DC1600F22695 /* Debug */,
				93E7C1881918DC1600F22695 /* Release */,
			);
			defaultConfigurationIsVisible = 0;
			defaultConfigurationName = Release;
		};
		93E7C1891918DC1600F22695 /* Build configuration list for PBXNativeTarget "seocialtest" */ = {
			isa = XCConfigurationList;
			buildConfigurations = (
				93E7C18A1918DC1600F22695 /* Debug */,
				93E7C18B1918DC1600F22695 /* Release */,
			);
			defaultConfigurationIsVisible = 0;
			defaultConfigurationName = Release;
		};
		93E7C18C1918DC1600F22695 /* Build configuration list for PBXNativeTarget "seocialtestTests" */ = {
			isa = XCConfigurationList;
			buildConfigurations = (
				93E7C18D1918DC1600F22695 /* Debug */,
				93E7C18E1918DC1600F22695 /* Release */,
			);
			defaultConfigurationIsVisible = 0;
			defaultConfigurationName = Release;
		};
/* End XCConfigurationList section */
	};
	rootObject = 93E7C14F1918DC1600F22695 /* Project object */;
}
